
Microsoft Visual Studio Solution File, Format Version 12.00
# Visual Studio Version 16
VisualStudioVersion = 16.0.31729.503
MinimumVisualStudioVersion = 10.0.40219.1
Project("{FAE04EC0-301F-11D3-BF4B-00C04F79EFBC}") = "GameForIIP", "GameForIIP\GameForIIP.csproj", "{252B68DB-3CB7-429B-B69B-FF110A0F0ADC}"
EndProject
Global
	GlobalSection(SolutionConfigurationPlatforms) = preSolution
		Debug|Any CPU = Debug|Any CPU
		Release|Any CPU = Release|Any CPU
	EndGlobalSection
	GlobalSection(ProjectConfigurationPlatforms) = postSolution
		{252B68DB-3CB7-429B-B69B-FF110A0F0ADC}.Debug|Any CPU.ActiveCfg = Debug|Any CPU
		{252B68DB-3CB7-429B-B69B-FF110A0F0ADC}.Debug|Any CPU.Build.0 = Debug|Any CPU
		{252B68DB-3CB7-429B-B69B-FF110A0F0ADC}.Release|Any CPU.ActiveCfg = Release|Any CPU
		{252B68DB-3CB7-429B-B69B-FF110A0F0ADC}.Release|Any CPU.Build.0 = Release|Any CPU
	EndGlobalSection
	GlobalSection(SolutionProperties) = preSolution
		HideSolutionNode = FALSE
	EndGlobalSection
	GlobalSection(ExtensibilityGlobals) = postSolution
		SolutionGuid = {DE935274-8B5C-4B23-8093-5E01FF4A03DB}
	EndGlobalSection
EndGlobal
